{
  "name": "ksql-flow-template",
  "version": "1.0.0",
  "lockfileVersion": 3,
  "requires": true,
  "packages": {
    "": {
      "name": "ksql-flow-template",
      "version": "1.0.0",
      "dependencies": {
        "@rex0220/kintone-sql-tools": "^3.72.0",
        "@rex0220/ksql-flow": "^0.4.0"
      },
      "engines": {
        "node": ">=20.6"
      }
    },
    "node_modules/@rex0220/kintone-sql-tools": {
      "version": "3.74.0",
      "resolved": "https://registry.npmjs.org/@rex0220/kintone-sql-tools/-/kintone-sql-tools-3.74.0.tgz",
      "integrity": "sha512-zwvDvFLcz5ZaQsOQrK9Z074cz5K+pqKXIyRpgBySyb1Gu7FlzPqXNJJpa+O5okiagYE2ygWfDFo/5l/hCVA1EA==",
      "bin": {
        "ksql": "dist-cli/ksql.js",
        "ksql-mcp": "dist-mcp/ksql-mcp.js"
      }
    },
    "node_modules/@rex0220/ksql-flow": {
      "version": "0.4.0",
      "resolved": "https://registry.npmjs.org/@rex0220/ksql-flow/-/ksql-flow-0.4.0.tgz",
      "integrity": "sha512-wpQR+7emTL2pPY5ppFKUPnb3X2WvwyrzwLqCZZXQOeW5FJobKOK4K4PyC6Xx/3c1yI6tCKgzwrJD5etw+lgsow==",
      "dependencies": {
        "@rex0220/kintone-sql-tools": "^3.74.0"
      },
      "bin": {
        "ksql-flow": "dist/cli.js"
      },
      "engines": {
        "node": ">=18"
      }
    }
  }
}
