{
  "name": "ksql-flow-template",
  "version": "1.0.0",
  "lockfileVersion": 3,
  "requires": true,
  "packages": {
    "": {
      "name": "ksql-flow-template",
      "version": "1.0.0",
      "dependencies": {
        "@rex0220/kintone-sql-tools": "^3.72.0",
        "@rex0220/ksql-flow": "^0.1.0"
      },
      "engines": {
        "node": ">=20.6"
      }
    },
    "node_modules/@rex0220/kintone-sql-tools": {
      "version": "3.72.0",
      "resolved": "https://registry.npmjs.org/@rex0220/kintone-sql-tools/-/kintone-sql-tools-3.72.0.tgz",
      "integrity": "sha512-8zwMycKks3Gqm6tJ0z6Fgps9PWky0X2U1Q1HlByLfYUdqfZ00s45t0L12RrVJe0dyXROxNSEAF9DMIQ29bLSnA==",
      "bin": {
        "ksql": "dist-cli/ksql.js",
        "ksql-mcp": "dist-mcp/ksql-mcp.js"
      }
    },
    "node_modules/@rex0220/ksql-flow": {
      "version": "0.1.0",
      "resolved": "https://registry.npmjs.org/@rex0220/ksql-flow/-/ksql-flow-0.1.0.tgz",
      "integrity": "sha512-tJ8wajeM6G8+mIRzt0rJRKOJi3BnheYZYJQyUKl5laL4BDJY1aDST81HBj5OarXzQdzejyjURfN8VLaepouNoA==",
      "dependencies": {
        "@rex0220/kintone-sql-tools": "^3.71.0"
      },
      "bin": {
        "ksql-flow": "dist/cli.js"
      },
      "engines": {
        "node": ">=18"
      }
    }
  }
}
